
Microsoft Visual Studio Solution File, Format Version 12.00
# Visual Studio 15
Project("{FAE04EC0-301F-11D3-BF4B-00C04F79EFBC}") = "Assembly-CSharp-firstpass", "Assembly-CSharp-firstpass.csproj", "{09907766-F02B-C3F0-79FB-965E3A6AA415}"
EndProject
Project("{FAE04EC0-301F-11D3-BF4B-00C04F79EFBC}") = "Assembly-CSharp", "Assembly-CSharp.csproj", "{C4908888-3AAE-61FA-192D-2B12DA874CF8}"
EndProject
Project("{FAE04EC0-301F-11D3-BF4B-00C04F79EFBC}") = "Assembly-CSharp-Editor-firstpass", "Assembly-CSharp-Editor-firstpass.csproj", "{05B321AC-76D8-CFCA-219F-AF7E9B4EDDEF}"
EndProject
Global
	GlobalSection(SolutionConfigurationPlatforms) = preSolution
		Debug|Any CPU = Debug|Any CPU
		Release|Any CPU = Release|Any CPU
	EndGlobalSection
	GlobalSection(ProjectConfigurationPlatforms) = postSolution
		{09907766-F02B-C3F0-79FB-965E3A6AA415}.Debug|Any CPU.ActiveCfg = Debug|Any CPU
		{09907766-F02B-C3F0-79FB-965E3A6AA415}.Debug|Any CPU.Build.0 = Debug|Any CPU
		{09907766-F02B-C3F0-79FB-965E3A6AA415}.Release|Any CPU.ActiveCfg = Release|Any CPU
		{09907766-F02B-C3F0-79FB-965E3A6AA415}.Release|Any CPU.Build.0 = Release|Any CPU
		{C4908888-3AAE-61FA-192D-2B12DA874CF8}.Debug|Any CPU.ActiveCfg = Debug|Any CPU
		{C4908888-3AAE-61FA-192D-2B12DA874CF8}.Debug|Any CPU.Build.0 = Debug|Any CPU
		{C4908888-3AAE-61FA-192D-2B12DA874CF8}.Release|Any CPU.ActiveCfg = Release|Any CPU
		{C4908888-3AAE-61FA-192D-2B12DA874CF8}.Release|Any CPU.Build.0 = Release|Any CPU
		{05B321AC-76D8-CFCA-219F-AF7E9B4EDDEF}.Debug|Any CPU.ActiveCfg = Debug|Any CPU
		{05B321AC-76D8-CFCA-219F-AF7E9B4EDDEF}.Debug|Any CPU.Build.0 = Debug|Any CPU
		{05B321AC-76D8-CFCA-219F-AF7E9B4EDDEF}.Release|Any CPU.ActiveCfg = Release|Any CPU
		{05B321AC-76D8-CFCA-219F-AF7E9B4EDDEF}.Release|Any CPU.Build.0 = Release|Any CPU
	EndGlobalSection
	GlobalSection(SolutionProperties) = preSolution
		HideSolutionNode = FALSE
	EndGlobalSection
EndGlobal
